// !$*UTF8*$!
{
	archiveVersion = 1;
	classes = {
	};
	objectVersion = 50;
	objects = {

/* Begin PBXBuildFile section */
		7893930025AC798C00C49D7E /* main.cpp in Sources */ = {isa = PBXBuildFile; fileRef = 789392FF25AC798C00C49D7E /* main.cpp */; };
		7893931325AC7B3C00C49D7E /* libglfw.3.4.dylib in Frameworks */ = {isa = PBXBuildFile; fileRef = 7893931225AC7B3C00C49D7E /* libglfw.3.4.dylib */; settings = {ATTRIBUTES = (Required, ); }; };
		7893931525AC7B9600C49D7E /* libvulkan.1.dylib in Frameworks */ = {isa = PBXBuildFile; fileRef = 7893931425AC7B9600C49D7E /* libvulkan.1.dylib */; };
		7893931725AC7B9F00C49D7E /* libvulkan.1.2.162.dylib in Frameworks */ = {isa = PBXBuildFile; fileRef = 7893931625AC7B9F00C49D7E /* libvulkan.1.2.162.dylib */; };
		7893931825AC7BDF00C49D7E /* libvulkan.1.2.162.dylib in CopyFiles */ = {isa = PBXBuildFile; fileRef = 7893931625AC7B9F00C49D7E /* libvulkan.1.2.162.dylib */; settings = {ATTRIBUTES = (CodeSignOnCopy, ); }; };
		7893931A25AC7BE300C49D7E /* libvulkan.1.dylib in CopyFiles */ = {isa = PBXBuildFile; fileRef = 7893931425AC7B9600C49D7E /* libvulkan.1.dylib */; settings = {ATTRIBUTES = (CodeSignOnCopy, ); }; };
		7893931C25AC7BE700C49D7E /* libglfw.3.4.dylib in CopyFiles */ = {isa = PBXBuildFile; fileRef = 7893931225AC7B3C00C49D7E /* libglfw.3.4.dylib */; settings = {ATTRIBUTES = (CodeSignOnCopy, ); }; };
/* End PBXBuildFile section */

/* Begin PBXCopyFilesBuildPhase section */
		789392FA25AC798C00C49D7E /* CopyFiles */ = {
			isa = PBXCopyFilesBuildPhase;
			buildActionMask = 12;
			dstPath = "";
			dstSubfolderSpec = 10;
			files = (
				7893931C25AC7BE700C49D7E /* libglfw.3.4.dylib in CopyFiles */,
				7893931A25AC7BE300C49D7E /* libvulkan.1.dylib in CopyFiles */,
				7893931825AC7BDF00C49D7E /* libvulkan.1.2.162.dylib in CopyFiles */,
			);
			runOnlyForDeploymentPostprocessing = 0;
		};
/* End PBXCopyFilesBuildPhase section */

/* Begin PBXFileReference section */
		789392FC25AC798C00C49D7E /* Vulkan-Testing */ = {isa = PBXFileReference; explicitFileType = "compiled.mach-o.executable"; includeInIndex = 0; path = "Vulkan-Testing"; sourceTree = BUILT_PRODUCTS_DIR; };
		789392FF25AC798C00C49D7E /* main.cpp */ = {isa = PBXFileReference; lastKnownFileType = sourcecode.cpp.cpp; path = main.cpp; sourceTree = "<group>"; };
		7893931225AC7B3C00C49D7E /* libglfw.3.4.dylib */ = {isa = PBXFileReference; lastKnownFileType = "compiled.mach-o.dylib"; name = libglfw.3.4.dylib; path = ../../../../../usr/local/lib/libglfw.3.4.dylib; sourceTree = "<group>"; };
		7893931425AC7B9600C49D7E /* libvulkan.1.dylib */ = {isa = PBXFileReference; lastKnownFileType = "compiled.mach-o.dylib"; name = libvulkan.1.dylib; path = "../../vulkansdk-macos-1.2.162.0/macOS/lib/libvulkan.1.dylib"; sourceTree = "<group>"; };
		7893931625AC7B9F00C49D7E /* libvulkan.1.2.162.dylib */ = {isa = PBXFileReference; lastKnownFileType = "compiled.mach-o.dylib"; name = libvulkan.1.2.162.dylib; path = "../../vulkansdk-macos-1.2.162.0/macOS/lib/libvulkan.1.2.162.dylib"; sourceTree = "<group>"; };
		78B6802A25AC8D4D00943961 /* README.md */ = {isa = PBXFileReference; lastKnownFileType = net.daringfireball.markdown; path = README.md; sourceTree = "<group>"; };
/* End PBXFileReference section */

/* Begin PBXFrameworksBuildPhase section */
		789392F925AC798C00C49D7E /* Frameworks */ = {
			isa = PBXFrameworksBuildPhase;
			buildActionMask = 2147483647;
			files = (
				7893931325AC7B3C00C49D7E /* libglfw.3.4.dylib in Frameworks */,
				7893931525AC7B9600C49D7E /* libvulkan.1.dylib in Frameworks */,
				7893931725AC7B9F00C49D7E /* libvulkan.1.2.162.dylib in Frameworks */,
			);
			runOnlyForDeploymentPostprocessing = 0;
		};
/* End PBXFrameworksBuildPhase section */

/* Begin PBXGroup section */
		789392F325AC798C00C49D7E = {
			isa = PBXGroup;
			children = (
				789392FE25AC798C00C49D7E /* Vulkan-Testing */,
				789392FD25AC798C00C49D7E /* Products */,
				7893931125AC7B3C00C49D7E /* Frameworks */,
			);
			sourceTree = "<group>";
		};
		789392FD25AC798C00C49D7E /* Products */ = {
			isa = PBXGroup;
			children = (
				789392FC25AC798C00C49D7E /* Vulkan-Testing */,
			);
			name = Products;
			sourceTree = "<group>";
		};
		789392FE25AC798C00C49D7E /* Vulkan-Testing */ = {
			isa = PBXGroup;
			children = (
				789392FF25AC798C00C49D7E /* main.cpp */,
				78B6802A25AC8D4D00943961 /* README.md */,
			);
			path = "Vulkan-Testing";
			sourceTree = "<group>";
		};
		7893931125AC7B3C00C49D7E /* Frameworks */ = {
			isa = PBXGroup;
			children = (
				7893931625AC7B9F00C49D7E /* libvulkan.1.2.162.dylib */,
				7893931425AC7B9600C49D7E /* libvulkan.1.dylib */,
				7893931225AC7B3C00C49D7E /* libglfw.3.4.dylib */,
			);
			name = Frameworks;
			sourceTree = "<group>";
		};
/* End PBXGroup section */

/* Begin PBXNativeTarget section */
		789392FB25AC798C00C49D7E /* Vulkan-Testing */ = {
			isa = PBXNativeTarget;
			buildConfigurationList = 7893930325AC798C00C49D7E /* Build configuration list for PBXNativeTarget "Vulkan-Testing" */;
			buildPhases = (
				789392F825AC798C00C49D7E /* Sources */,
				789392F925AC798C00C49D7E /* Frameworks */,
				789392FA25AC798C00C49D7E /* CopyFiles */,
			);
			buildRules = (
			);
			dependencies = (
			);
			name = "Vulkan-Testing";
			productName = "Vulkan-Testing";
			productReference = 789392FC25AC798C00C49D7E /* Vulkan-Testing */;
			productType = "com.apple.product-type.tool";
		};
/* End PBXNativeTarget section */

/* Begin PBXProject section */
		789392F425AC798C00C49D7E /* Project object */ = {
			isa = PBXProject;
			attributes = {
				LastUpgradeCheck = 1230;
				TargetAttributes = {
					789392FB25AC798C00C49D7E = {
						CreatedOnToolsVersion = 12.3;
					};
				};
			};
			buildConfigurationList = 789392F725AC798C00C49D7E /* Build configuration list for PBXProject "Vulkan-Testing" */;
			compatibilityVersion = "Xcode 9.3";
			developmentRegion = en;
			hasScannedForEncodings = 0;
			knownRegions = (
				en,
				Base,
			);
			mainGroup = 789392F325AC798C00C49D7E;
			productRefGroup = 789392FD25AC798C00C49D7E /* Products */;
			projectDirPath = "";
			projectRoot = "";
			targets = (
				789392FB25AC798C00C49D7E /* Vulkan-Testing */,
			);
		};
/* End PBXProject section */

/* Begin PBXSourcesBuildPhase section */
		789392F825AC798C00C49D7E /* Sources */ = {
			isa = PBXSourcesBuildPhase;
			buildActionMask = 2147483647;
			files = (
				7893930025AC798C00C49D7E /* main.cpp in Sources */,
			);
			runOnlyForDeploymentPostprocessing = 0;
		};
/* End PBXSourcesBuildPhase section */

/* Begin XCBuildConfiguration section */
		7893930125AC798C00C49D7E /* Debug */ = {
			isa = XCBuildConfiguration;
			buildSettings = {
				ALWAYS_SEARCH_USER_PATHS = YES;
				CLANG_ANALYZER_NONNULL = YES;
				CLANG_ANALYZER_NUMBER_OBJECT_CONVERSION = YES_AGGRESSIVE;
				CLANG_CXX_LANGUAGE_STANDARD = "c++17";
				CLANG_CXX_LIBRARY = "libc++";
				CLANG_ENABLE_MODULES = YES;
				CLANG_ENABLE_OBJC_ARC = YES;
				CLANG_ENABLE_OBJC_WEAK = YES;
				CLANG_WARN_BLOCK_CAPTURE_AUTORELEASING = YES;
				CLANG_WARN_BOOL_CONVERSION = YES;
				CLANG_WARN_COMMA = YES;
				CLANG_WARN_CONSTANT_CONVERSION = YES;
				CLANG_WARN_DEPRECATED_OBJC_IMPLEMENTATIONS = YES;
				CLANG_WARN_DIRECT_OBJC_ISA_USAGE = YES_ERROR;
				CLANG_WARN_DOCUMENTATION_COMMENTS = YES;
				CLANG_WARN_EMPTY_BODY = YES;
				CLANG_WARN_ENUM_CONVERSION = YES;
				CLANG_WARN_INFINITE_RECURSION = YES;
				CLANG_WARN_INT_CONVERSION = YES;
				CLANG_WARN_NON_LITERAL_NULL_CONVERSION = YES;
				CLANG_WARN_OBJC_IMPLICIT_RETAIN_SELF = YES;
				CLANG_WARN_OBJC_LITERAL_CONVERSION = YES;
				CLANG_WARN_OBJC_ROOT_CLASS = YES_ERROR;
				CLANG_WARN_QUOTED_INCLUDE_IN_FRAMEWORK_HEADER = YES;
				CLANG_WARN_RANGE_LOOP_ANALYSIS = YES;
				CLANG_WARN_STRICT_PROTOTYPES = YES;
				CLANG_WARN_SUSPICIOUS_MOVE = YES;
				CLANG_WARN_UNGUARDED_AVAILABILITY = YES_AGGRESSIVE;
				CLANG_WARN_UNREACHABLE_CODE = YES;
				CLANG_WARN__DUPLICATE_METHOD_MATCH = YES;
				COPY_PHASE_STRIP = NO;
				DEBUG_INFORMATION_FORMAT = dwarf;
				ENABLE_STRICT_OBJC_MSGSEND = YES;
				ENABLE_TESTABILITY = YES;
				GCC_C_LANGUAGE_STANDARD = gnu11;
				GCC_DYNAMIC_NO_PIC = NO;
				GCC_NO_COMMON_BLOCKS = YES;
				GCC_OPTIMIZATION_LEVEL = 0;
				GCC_PREPROCESSOR_DEFINITIONS = (
					"DEBUG=1",
					"$(inherited)",
				);
				GCC_WARN_64_TO_32_BIT_CONVERSION = YES;
				GCC_WARN_ABOUT_RETURN_TYPE = YES_ERROR;
				GCC_WARN_UNDECLARED_SELECTOR = YES;
				GCC_WARN_UNINITIALIZED_AUTOS = YES_AGGRESSIVE;
				GCC_WARN_UNUSED_FUNCTION = YES;
				GCC_WARN_UNUSED_VARIABLE = YES;
				HEADER_SEARCH_PATHS = (
					"\"/usr/local/include\"",
					"\"$(SRCROOT)/../../vulkansdk-macos-1.2.162.0/macOS/include\"",
					"$(inherited)",
				);
				LIBRARY_SEARCH_PATHS = (
					/usr/local/lib,
					"\"$(SRCROOT)/../../vulkansdk-macos-1.2.162.0/macOS/lib\"",
					"$(inherited)",
				);
				MACOSX_DEPLOYMENT_TARGET = 10.15;
				MTL_ENABLE_DEBUG_INFO = INCLUDE_SOURCE;
				MTL_FAST_MATH = YES;
				ONLY_ACTIVE_ARCH = YES;
				SDKROOT = macosx;
			};
			name = Debug;
		};
		7893930225AC798C00C49D7E /* Release */ = {
			isa = XCBuildConfiguration;
			buildSettings = {
				ALWAYS_SEARCH_USER_PATHS = YES;
				CLANG_ANALYZER_NONNULL = YES;
				CLANG_ANALYZER_NUMBER_OBJECT_CONVERSION = YES_AGGRESSIVE;
				CLANG_CXX_LANGUAGE_STANDARD = "c++17";
				CLANG_CXX_LIBRARY = "libc++";
				CLANG_ENABLE_MODULES = YES;
				CLANG_ENABLE_OBJC_ARC = YES;
				CLANG_ENABLE_OBJC_WEAK = YES;
				CLANG_WARN_BLOCK_CAPTURE_AUTORELEASING = YES;
				CLANG_WARN_BOOL_CONVERSION = YES;
				CLANG_WARN_COMMA = YES;
				CLANG_WARN_CONSTANT_CONVERSION = YES;
				CLANG_WARN_DEPRECATED_OBJC_IMPLEMENTATIONS = YES;
				CLANG_WARN_DIRECT_OBJC_ISA_USAGE = YES_ERROR;
				CLANG_WARN_DOCUMENTATION_COMMENTS = YES;
				CLANG_WARN_EMPTY_BODY = YES;
				CLANG_WARN_ENUM_CONVERSION = YES;
				CLANG_WARN_INFINITE_RECURSION = YES;
				CLANG_WARN_INT_CONVERSION = YES;
				CLANG_WARN_NON_LITERAL_NULL_CONVERSION = YES;
				CLANG_WARN_OBJC_IMPLICIT_RETAIN_SELF = YES;
				CLANG_WARN_OBJC_LITERAL_CONVERSION = YES;
				CLANG_WARN_OBJC_ROOT_CLASS = YES_ERROR;
				CLANG_WARN_QUOTED_INCLUDE_IN_FRAMEWORK_HEADER = YES;
				CLANG_WARN_RANGE_LOOP_ANALYSIS = YES;
				CLANG_WARN_STRICT_PROTOTYPES = YES;
				CLANG_WARN_SUSPICIOUS_MOVE = YES;
				CLANG_WARN_UNGUARDED_AVAILABILITY = YES_AGGRESSIVE;
				CLANG_WARN_UNREACHABLE_CODE = YES;
				CLANG_WARN__DUPLICATE_METHOD_MATCH = YES;
				COPY_PHASE_STRIP = NO;
				DEBUG_INFORMATION_FORMAT = "dwarf-with-dsym";
				ENABLE_NS_ASSERTIONS = NO;
				ENABLE_STRICT_OBJC_MSGSEND = YES;
				GCC_C_LANGUAGE_STANDARD = gnu11;
				GCC_NO_COMMON_BLOCKS = YES;
				GCC_WARN_64_TO_32_BIT_CONVERSION = YES;
				GCC_WARN_ABOUT_RETURN_TYPE = YES_ERROR;
				GCC_WARN_UNDECLARED_SELECTOR = YES;
				GCC_WARN_UNINITIALIZED_AUTOS = YES_AGGRESSIVE;
				GCC_WARN_UNUSED_FUNCTION = YES;
				GCC_WARN_UNUSED_VARIABLE = YES;
				HEADER_SEARCH_PATHS = (
					"\"/usr/local/include\"",
					"\"$(SRCROOT)/../../vulkansdk-macos-1.2.162.0/macOS/include\"",
					"$(inherited)",
				);
				LIBRARY_SEARCH_PATHS = (
					/usr/local/lib,
					"\"$(SRCROOT)/../../vulkansdk-macos-1.2.162.0/macOS/lib\"",
					"$(inherited)",
				);
				MACOSX_DEPLOYMENT_TARGET = 10.15;
				MTL_ENABLE_DEBUG_INFO = NO;
				MTL_FAST_MATH = YES;
				SDKROOT = macosx;
			};
			name = Release;
		};
		7893930425AC798C00C49D7E /* Debug */ = {
			isa = XCBuildConfiguration;
			buildSettings = {
				CODE_SIGN_STYLE = Automatic;
				HEADER_SEARCH_PATHS = (
					/usr/local/include,
					"\"$(SRCROOT)/../../vulkansdk-macos-1.2.162.0/macOS/include\"",
				);
				"HEADER_SEARCH_PATHS[arch=*]" = "";
				LIBRARY_SEARCH_PATHS = (
					vulkansdk/macOS/lib,
					/usr/local/lib,
				);
				PRODUCT_NAME = "$(TARGET_NAME)";
			};
			name = Debug;
		};
		7893930525AC798C00C49D7E /* Release */ = {
			isa = XCBuildConfiguration;
			buildSettings = {
				CODE_SIGN_STYLE = Automatic;
				HEADER_SEARCH_PATHS = (
					/usr/local/include,
					"\"$(SRCROOT)/../../vulkansdk-macos-1.2.162.0/macOS/include\"",
				);
				LIBRARY_SEARCH_PATHS = (
					vulkansdk/macOS/lib,
					/usr/local/lib,
				);
				PRODUCT_NAME = "$(TARGET_NAME)";
			};
			name = Release;
		};
/* End XCBuildConfiguration section */

/* Begin XCConfigurationList section */
		789392F725AC798C00C49D7E /* Build configuration list for PBXProject "Vulkan-Testing" */ = {
			isa = XCConfigurationList;
			buildConfigurations = (
				7893930125AC798C00C49D7E /* Debug */,
				7893930225AC798C00C49D7E /* Release */,
			);
			defaultConfigurationIsVisible = 0;
			defaultConfigurationName = Debug;
		};
		7893930325AC798C00C49D7E /* Build configuration list for PBXNativeTarget "Vulkan-Testing" */ = {
			isa = XCConfigurationList;
			buildConfigurations = (
				7893930425AC798C00C49D7E /* Debug */,
				7893930525AC798C00C49D7E /* Release */,
			);
			defaultConfigurationIsVisible = 0;
			defaultConfigurationName = Debug;
		};
/* End XCConfigurationList section */
	};
	rootObject = 789392F425AC798C00C49D7E /* Project object */;
}
